// !$*UTF8*$!
{
	archiveVersion = 1;
	classes = {
	};
	objectVersion = 55;
	objects = {

/* Begin PBXBuildFile section */
		9368AA1427FDABF30020927D /* CycleTrackerApp.swift in Sources */ = {isa = PBXBuildFile; fileRef = 9368AA1327FDABF30020927D /* CycleTrackerApp.swift */; };
		9368AA1627FDABF30020927D /* ContentView.swift in Sources */ = {isa = PBXBuildFile; fileRef = 9368AA1527FDABF30020927D /* ContentView.swift */; };
		9368AA1827FDABF50020927D /* Assets.xcassets in Resources */ = {isa = PBXBuildFile; fileRef = 9368AA1727FDABF50020927D /* Assets.xcassets */; };
		9368AA1B27FDABF50020927D /* Preview Assets.xcassets in Resources */ = {isa = PBXBuildFile; fileRef = 9368AA1A27FDABF50020927D /* Preview Assets.xcassets */; };
		9368AA2527FDABF50020927D /* CycleTrackerTests.swift in Sources */ = {isa = PBXBuildFile; fileRef = 9368AA2427FDABF50020927D /* CycleTrackerTests.swift */; };
		9368AA2F27FDABF50020927D /* CycleTrackerUITests.swift in Sources */ = {isa = PBXBuildFile; fileRef = 9368AA2E27FDABF50020927D /* CycleTrackerUITests.swift */; };
		9368AA3127FDABF50020927D /* CycleTrackerUITestsLaunchTests.swift in Sources */ = {isa = PBXBuildFile; fileRef = 9368AA3027FDABF50020927D /* CycleTrackerUITestsLaunchTests.swift */; };
/* End PBXBuildFile section */

/* Begin PBXContainerItemProxy section */
		9368AA2127FDABF50020927D /* PBXContainerItemProxy */ = {
			isa = PBXContainerItemProxy;
			containerPortal = 9368AA0827FDABF30020927D /* Project object */;
			proxyType = 1;
			remoteGlobalIDString = 9368AA0F27FDABF30020927D;
			remoteInfo = CycleTracker;
		};
		9368AA2B27FDABF50020927D /* PBXContainerItemProxy */ = {
			isa = PBXContainerItemProxy;
			containerPortal = 9368AA0827FDABF30020927D /* Project object */;
			proxyType = 1;
			remoteGlobalIDString = 9368AA0F27FDABF30020927D;
			remoteInfo = CycleTracker;
		};
/* End PBXContainerItemProxy section */

/* Begin PBXFileReference section */
		9368AA1027FDABF30020927D /* CycleTracker.app */ = {isa = PBXFileReference; explicitFileType = wrapper.application; includeInIndex = 0; path = CycleTracker.app; sourceTree = BUILT_PRODUCTS_DIR; };
		9368AA1327FDABF30020927D /* CycleTrackerApp.swift */ = {isa = PBXFileReference; lastKnownFileType = sourcecode.swift; path = CycleTrackerApp.swift; sourceTree = "<group>"; };
		9368AA1527FDABF30020927D /* ContentView.swift */ = {isa = PBXFileReference; lastKnownFileType = sourcecode.swift; path = ContentView.swift; sourceTree = "<group>"; };
		9368AA1727FDABF50020927D /* Assets.xcassets */ = {isa = PBXFileReference; lastKnownFileType = folder.assetcatalog; path = Assets.xcassets; sourceTree = "<group>"; };
		9368AA1A27FDABF50020927D /* Preview Assets.xcassets */ = {isa = PBXFileReference; lastKnownFileType = folder.assetcatalog; path = "Preview Assets.xcassets"; sourceTree = "<group>"; };
		9368AA2027FDABF50020927D /* CycleTrackerTests.xctest */ = {isa = PBXFileReference; explicitFileType = wrapper.cfbundle; includeInIndex = 0; path = CycleTrackerTests.xctest; sourceTree = BUILT_PRODUCTS_DIR; };
		9368AA2427FDABF50020927D /* CycleTrackerTests.swift */ = {isa = PBXFileReference; lastKnownFileType = sourcecode.swift; path = CycleTrackerTests.swift; sourceTree = "<group>"; };
		9368AA2A27FDABF50020927D /* CycleTrackerUITests.xctest */ = {isa = PBXFileReference; explicitFileType = wrapper.cfbundle; includeInIndex = 0; path = CycleTrackerUITests.xctest; sourceTree = BUILT_PRODUCTS_DIR; };
		9368AA2E27FDABF50020927D /* CycleTrackerUITests.swift */ = {isa = PBXFileReference; lastKnownFileType = sourcecode.swift; path = CycleTrackerUITests.swift; sourceTree = "<group>"; };
		9368AA3027FDABF50020927D /* CycleTrackerUITestsLaunchTests.swift */ = {isa = PBXFileReference; lastKnownFileType = sourcecode.swift; path = CycleTrackerUITestsLaunchTests.swift; sourceTree = "<group>"; };
/* End PBXFileReference section */

/* Begin PBXFrameworksBuildPhase section */
		9368AA0D27FDABF30020927D /* Frameworks */ = {
			isa = PBXFrameworksBuildPhase;
			buildActionMask = 2147483647;
			files = (
			);
			runOnlyForDeploymentPostprocessing = 0;
		};
		9368AA1D27FDABF50020927D /* Frameworks */ = {
			isa = PBXFrameworksBuildPhase;
			buildActionMask = 2147483647;
			files = (
			);
			runOnlyForDeploymentPostprocessing = 0;
		};
		9368AA2727FDABF50020927D /* Frameworks */ = {
			isa = PBXFrameworksBuildPhase;
			buildActionMask = 2147483647;
			files = (
			);
			runOnlyForDeploymentPostprocessing = 0;
		};
/* End PBXFrameworksBuildPhase section */

/* Begin PBXGroup section */
		9368AA0727FDABF30020927D = {
			isa = PBXGroup;
			children = (
				9368AA1227FDABF30020927D /* CycleTracker */,
				9368AA2327FDABF50020927D /* CycleTrackerTests */,
				9368AA2D27FDABF50020927D /* CycleTrackerUITests */,
				9368AA1127FDABF30020927D /* Products */,
			);
			sourceTree = "<group>";
		};
		9368AA1127FDABF30020927D /* Products */ = {
			isa = PBXGroup;
			children = (
				9368AA1027FDABF30020927D /* CycleTracker.app */,
				9368AA2027FDABF50020927D /* CycleTrackerTests.xctest */,
				9368AA2A27FDABF50020927D /* CycleTrackerUITests.xctest */,
			);
			name = Products;
			sourceTree = "<group>";
		};
		9368AA1227FDABF30020927D /* CycleTracker */ = {
			isa = PBXGroup;
			children = (
				9368AA1327FDABF30020927D /* CycleTrackerApp.swift */,
				9368AA1527FDABF30020927D /* ContentView.swift */,
				9368AA1727FDABF50020927D /* Assets.xcassets */,
				9368AA1927FDABF50020927D /* Preview Content */,
			);
			path = CycleTracker;
			sourceTree = "<group>";
		};
		9368AA1927FDABF50020927D /* Preview Content */ = {
			isa = PBXGroup;
			children = (
				9368AA1A27FDABF50020927D /* Preview Assets.xcassets */,
			);
			path = "Preview Content";
			sourceTree = "<group>";
		};
		9368AA2327FDABF50020927D /* CycleTrackerTests */ = {
			isa = PBXGroup;
			children = (
				9368AA2427FDABF50020927D /* CycleTrackerTests.swift */,
			);
			path = CycleTrackerTests;
			sourceTree = "<group>";
		};
		9368AA2D27FDABF50020927D /* CycleTrackerUITests */ = {
			isa = PBXGroup;
			children = (
				9368AA2E27FDABF50020927D /* CycleTrackerUITests.swift */,
				9368AA3027FDABF50020927D /* CycleTrackerUITestsLaunchTests.swift */,
			);
			path = CycleTrackerUITests;
			sourceTree = "<group>";
		};
/* End PBXGroup section */

/* Begin PBXNativeTarget section */
		9368AA0F27FDABF30020927D /* CycleTracker */ = {
			isa = PBXNativeTarget;
			buildConfigurationList = 9368AA3427FDABF50020927D /* Build configuration list for PBXNativeTarget "CycleTracker" */;
			buildPhases = (
				9368AA0C27FDABF30020927D /* Sources */,
				9368AA0D27FDABF30020927D /* Frameworks */,
				9368AA0E27FDABF30020927D /* Resources */,
			);
			buildRules = (
			);
			dependencies = (
			);
			name = CycleTracker;
			productName = CycleTracker;
			productReference = 9368AA1027FDABF30020927D /* CycleTracker.app */;
			productType = "com.apple.product-type.application";
		};
		9368AA1F27FDABF50020927D /* CycleTrackerTests */ = {
			isa = PBXNativeTarget;
			buildConfigurationList = 9368AA3727FDABF50020927D /* Build configuration list for PBXNativeTarget "CycleTrackerTests" */;
			buildPhases = (
				9368AA1C27FDABF50020927D /* Sources */,
				9368AA1D27FDABF50020927D /* Frameworks */,
				9368AA1E27FDABF50020927D /* Resources */,
			);
			buildRules = (
			);
			dependencies = (
				9368AA2227FDABF50020927D /* PBXTargetDependency */,
			);
			name = CycleTrackerTests;
			productName = CycleTrackerTests;
			productReference = 9368AA2027FDABF50020927D /* CycleTrackerTests.xctest */;
			productType = "com.apple.product-type.bundle.unit-test";
		};
		9368AA2927FDABF50020927D /* CycleTrackerUITests */ = {
			isa = PBXNativeTarget;
			buildConfigurationList = 9368AA3A27FDABF50020927D /* Build configuration list for PBXNativeTarget "CycleTrackerUITests" */;
			buildPhases = (
				9368AA2627FDABF50020927D /* Sources */,
				9368AA2727FDABF50020927D /* Frameworks */,
				9368AA2827FDABF50020927D /* Resources */,
			);
			buildRules = (
			);
			dependencies = (
				9368AA2C27FDABF50020927D /* PBXTargetDependency */,
			);
			name = CycleTrackerUITests;
			productName = CycleTrackerUITests;
			productReference = 9368AA2A27FDABF50020927D /* CycleTrackerUITests.xctest */;
			productType = "com.apple.product-type.bundle.ui-testing";
		};
/* End PBXNativeTarget section */

/* Begin PBXProject section */
		9368AA0827FDABF30020927D /* Project object */ = {
			isa = PBXProject;
			attributes = {
				BuildIndependentTargetsInParallel = 1;
				LastSwiftUpdateCheck = 1310;
				LastUpgradeCheck = 1310;
				TargetAttributes = {
					9368AA0F27FDABF30020927D = {
						CreatedOnToolsVersion = 13.1;
					};
					9368AA1F27FDABF50020927D = {
						CreatedOnToolsVersion = 13.1;
						TestTargetID = 9368AA0F27FDABF30020927D;
					};
					9368AA2927FDABF50020927D = {
						CreatedOnToolsVersion = 13.1;
						TestTargetID = 9368AA0F27FDABF30020927D;
					};
				};
			};
			buildConfigurationList = 9368AA0B27FDABF30020927D /* Build configuration list for PBXProject "CycleTracker" */;
			compatibilityVersion = "Xcode 13.0";
			developmentRegion = en;
			hasScannedForEncodings = 0;
			knownRegions = (
				en,
				Base,
			);
			mainGroup = 9368AA0727FDABF30020927D;
			productRefGroup = 9368AA1127FDABF30020927D /* Products */;
			projectDirPath = "";
			projectRoot = "";
			targets = (
				9368AA0F27FDABF30020927D /* CycleTracker */,
				9368AA1F27FDABF50020927D /* CycleTrackerTests */,
				9368AA2927FDABF50020927D /* CycleTrackerUITests */,
			);
		};
/* End PBXProject section */

/* Begin PBXResourcesBuildPhase section */
		9368AA0E27FDABF30020927D /* Resources */ = {
			isa = PBXResourcesBuildPhase;
			buildActionMask = 2147483647;
			files = (
				9368AA1B27FDABF50020927D /* Preview Assets.xcassets in Resources */,
				9368AA1827FDABF50020927D /* Assets.xcassets in Resources */,
			);
			runOnlyForDeploymentPostprocessing = 0;
		};
		9368AA1E27FDABF50020927D /* Resources */ = {
			isa = PBXResourcesBuildPhase;
			buildActionMask = 2147483647;
			files = (
			);
			runOnlyForDeploymentPostprocessing = 0;
		};
		9368AA2827FDABF50020927D /* Resources */ = {
			isa = PBXResourcesBuildPhase;
			buildActionMask = 2147483647;
			files = (
			);
			runOnlyForDeploymentPostprocessing = 0;
		};
/* End PBXResourcesBuildPhase section */

/* Begin PBXSourcesBuildPhase section */
		9368AA0C27FDABF30020927D /* Sources */ = {
			isa = PBXSourcesBuildPhase;
			buildActionMask = 2147483647;
			files = (
				9368AA1627FDABF30020927D /* ContentView.swift in Sources */,
				9368AA1427FDABF30020927D /* CycleTrackerApp.swift in Sources */,
			);
			runOnlyForDeploymentPostprocessing = 0;
		};
		9368AA1C27FDABF50020927D /* Sources */ = {
			isa = PBXSourcesBuildPhase;
			buildActionMask = 2147483647;
			files = (
				9368AA2527FDABF50020927D /* CycleTrackerTests.swift in Sources */,
			);
			runOnlyForDeploymentPostprocessing = 0;
		};
		9368AA2627FDABF50020927D /* Sources */ = {
			isa = PBXSourcesBuildPhase;
			buildActionMask = 2147483647;
			files = (
				9368AA3127FDABF50020927D /* CycleTrackerUITestsLaunchTests.swift in Sources */,
				9368AA2F27FDABF50020927D /* CycleTrackerUITests.swift in Sources */,
			);
			runOnlyForDeploymentPostprocessing = 0;
		};
/* End PBXSourcesBuildPhase section */

/* Begin PBXTargetDependency section */
		9368AA2227FDABF50020927D /* PBXTargetDependency */ = {
			isa = PBXTargetDependency;
			target = 9368AA0F27FDABF30020927D /* CycleTracker */;
			targetProxy = 9368AA2127FDABF50020927D /* PBXContainerItemProxy */;
		};
		9368AA2C27FDABF50020927D /* PBXTargetDependency */ = {
			isa = PBXTargetDependency;
			target = 9368AA0F27FDABF30020927D /* CycleTracker */;
			targetProxy = 9368AA2B27FDABF50020927D /* PBXContainerItemProxy */;
		};
/* End PBXTargetDependency section */

/* Begin XCBuildConfiguration section */
		9368AA3227FDABF50020927D /* Debug */ = {
			isa = XCBuildConfiguration;
			buildSettings = {
				ALWAYS_SEARCH_USER_PATHS = NO;
				CLANG_ANALYZER_NONNULL = YES;
				CLANG_ANALYZER_NUMBER_OBJECT_CONVERSION = YES_AGGRESSIVE;
				CLANG_CXX_LANGUAGE_STANDARD = "gnu++17";
				CLANG_CXX_LIBRARY = "libc++";
				CLANG_ENABLE_MODULES = YES;
				CLANG_ENABLE_OBJC_ARC = YES;
				CLANG_ENABLE_OBJC_WEAK = YES;
				CLANG_WARN_BLOCK_CAPTURE_AUTORELEASING = YES;
				CLANG_WARN_BOOL_CONVERSION = YES;
				CLANG_WARN_COMMA = YES;
				CLANG_WARN_CONSTANT_CONVERSION = YES;
				CLANG_WARN_DEPRECATED_OBJC_IMPLEMENTATIONS = YES;
				CLANG_WARN_DIRECT_OBJC_ISA_USAGE = YES_ERROR;
				CLANG_WARN_DOCUMENTATION_COMMENTS = YES;
				CLANG_WARN_EMPTY_BODY = YES;
				CLANG_WARN_ENUM_CONVERSION = YES;
				CLANG_WARN_INFINITE_RECURSION = YES;
				CLANG_WARN_INT_CONVERSION = YES;
				CLANG_WARN_NON_LITERAL_NULL_CONVERSION = YES;
				CLANG_WARN_OBJC_IMPLICIT_RETAIN_SELF = YES;
				CLANG_WARN_OBJC_LITERAL_CONVERSION = YES;
				CLANG_WARN_OBJC_ROOT_CLASS = YES_ERROR;
				CLANG_WARN_QUOTED_INCLUDE_IN_FRAMEWORK_HEADER = YES;
				CLANG_WARN_RANGE_LOOP_ANALYSIS = YES;
				CLANG_WARN_STRICT_PROTOTYPES = YES;
				CLANG_WARN_SUSPICIOUS_MOVE = YES;
				CLANG_WARN_UNGUARDED_AVAILABILITY = YES_AGGRESSIVE;
				CLANG_WARN_UNREACHABLE_CODE = YES;
				CLANG_WARN__DUPLICATE_METHOD_MATCH = YES;
				COPY_PHASE_STRIP = NO;
				DEBUG_INFORMATION_FORMAT = dwarf;
				ENABLE_STRICT_OBJC_MSGSEND = YES;
				ENABLE_TESTABILITY = YES;
				GCC_C_LANGUAGE_STANDARD = gnu11;
				GCC_DYNAMIC_NO_PIC = NO;
				GCC_NO_COMMON_BLOCKS = YES;
				GCC_OPTIMIZATION_LEVEL = 0;
				GCC_PREPROCESSOR_DEFINITIONS = (
					"DEBUG=1",
					"$(inherited)",
				);
				GCC_WARN_64_TO_32_BIT_CONVERSION = YES;
				GCC_WARN_ABOUT_RETURN_TYPE = YES_ERROR;
				GCC_WARN_UNDECLARED_SELECTOR = YES;
				GCC_WARN_UNINITIALIZED_AUTOS = YES_AGGRESSIVE;
				GCC_WARN_UNUSED_FUNCTION = YES;
				GCC_WARN_UNUSED_VARIABLE = YES;
				IPHONEOS_DEPLOYMENT_TARGET = 15.0;
				MTL_ENABLE_DEBUG_INFO = INCLUDE_SOURCE;
				MTL_FAST_MATH = YES;
				ONLY_ACTIVE_ARCH = YES;
				SDKROOT = iphoneos;
				SWIFT_ACTIVE_COMPILATION_CONDITIONS = DEBUG;
				SWIFT_OPTIMIZATION_LEVEL = "-Onone";
			};
			name = Debug;
		};
		9368AA3327FDABF50020927D /* Release */ = {
			isa = XCBuildConfiguration;
			buildSettings = {
				ALWAYS_SEARCH_USER_PATHS = NO;
				CLANG_ANALYZER_NONNULL = YES;
				CLANG_ANALYZER_NUMBER_OBJECT_CONVERSION = YES_AGGRESSIVE;
				CLANG_CXX_LANGUAGE_STANDARD = "gnu++17";
				CLANG_CXX_LIBRARY = "libc++";
				CLANG_ENABLE_MODULES = YES;
				CLANG_ENABLE_OBJC_ARC = YES;
				CLANG_ENABLE_OBJC_WEAK = YES;
				CLANG_WARN_BLOCK_CAPTURE_AUTORELEASING = YES;
				CLANG_WARN_BOOL_CONVERSION = YES;
				CLANG_WARN_COMMA = YES;
				CLANG_WARN_CONSTANT_CONVERSION = YES;
				CLANG_WARN_DEPRECATED_OBJC_IMPLEMENTATIONS = YES;
				CLANG_WARN_DIRECT_OBJC_ISA_USAGE = YES_ERROR;
				CLANG_WARN_DOCUMENTATION_COMMENTS = YES;
				CLANG_WARN_EMPTY_BODY = YES;
				CLANG_WARN_ENUM_CONVERSION = YES;
				CLANG_WARN_INFINITE_RECURSION = YES;
				CLANG_WARN_INT_CONVERSION = YES;
				CLANG_WARN_NON_LITERAL_NULL_CONVERSION = YES;
				CLANG_WARN_OBJC_IMPLICIT_RETAIN_SELF = YES;
				CLANG_WARN_OBJC_LITERAL_CONVERSION = YES;
				CLANG_WARN_OBJC_ROOT_CLASS = YES_ERROR;
				CLANG_WARN_QUOTED_INCLUDE_IN_FRAMEWORK_HEADER = YES;
				CLANG_WARN_RANGE_LOOP_ANALYSIS = YES;
				CLANG_WARN_STRICT_PROTOTYPES = YES;
				CLANG_WARN_SUSPICIOUS_MOVE = YES;
				CLANG_WARN_UNGUARDED_AVAILABILITY = YES_AGGRESSIVE;
				CLANG_WARN_UNREACHABLE_CODE = YES;
				CLANG_WARN__DUPLICATE_METHOD_MATCH = YES;
				COPY_PHASE_STRIP = NO;
				DEBUG_INFORMATION_FORMAT = "dwarf-with-dsym";
				ENABLE_NS_ASSERTIONS = NO;
				ENABLE_STRICT_OBJC_MSGSEND = YES;
				GCC_C_LANGUAGE_STANDARD = gnu11;
				GCC_NO_COMMON_BLOCKS = YES;
				GCC_WARN_64_TO_32_BIT_CONVERSION = YES;
				GCC_WARN_ABOUT_RETURN_TYPE = YES_ERROR;
				GCC_WARN_UNDECLARED_SELECTOR = YES;
				GCC_WARN_UNINITIALIZED_AUTOS = YES_AGGRESSIVE;
				GCC_WARN_UNUSED_FUNCTION = YES;
				GCC_WARN_UNUSED_VARIABLE = YES;
				IPHONEOS_DEPLOYMENT_TARGET = 15.0;
				MTL_ENABLE_DEBUG_INFO = NO;
				MTL_FAST_MATH = YES;
				SDKROOT = iphoneos;
				SWIFT_COMPILATION_MODE = wholemodule;
				SWIFT_OPTIMIZATION_LEVEL = "-O";
				VALIDATE_PRODUCT = YES;
			};
			name = Release;
		};
		9368AA3527FDABF50020927D /* Debug */ = {
			isa = XCBuildConfiguration;
			buildSettings = {
				ASSETCATALOG_COMPILER_APPICON_NAME = AppIcon;
				ASSETCATALOG_COMPILER_GLOBAL_ACCENT_COLOR_NAME = AccentColor;
				CODE_SIGN_STYLE = Automatic;
				CURRENT_PROJECT_VERSION = 1;
				DEVELOPMENT_ASSET_PATHS = "\"CycleTracker/Preview Content\"";
				DEVELOPMENT_TEAM = 6ZN72277JD;
				ENABLE_PREVIEWS = YES;
				GENERATE_INFOPLIST_FILE = YES;
				INFOPLIST_KEY_UIApplicationSceneManifest_Generation = YES;
				INFOPLIST_KEY_UIApplicationSupportsIndirectInputEvents = YES;
				INFOPLIST_KEY_UILaunchScreen_Generation = YES;
				INFOPLIST_KEY_UISupportedInterfaceOrientations_iPad = "UIInterfaceOrientationPortrait UIInterfaceOrientationPortraitUpsideDown UIInterfaceOrientationLandscapeLeft UIInterfaceOrientationLandscapeRight";
				INFOPLIST_KEY_UISupportedInterfaceOrientations_iPhone = "UIInterfaceOrientationPortrait UIInterfaceOrientationLandscapeLeft UIInterfaceOrientationLandscapeRight";
				LD_RUNPATH_SEARCH_PATHS = (
					"$(inherited)",
					"@executable_path/Frameworks",
				);
				MARKETING_VERSION = 1.0;
				PRODUCT_BUNDLE_IDENTIFIER = whimLyn.CycleTracker;
				PRODUCT_NAME = "$(TARGET_NAME)";
				SWIFT_EMIT_LOC_STRINGS = YES;
				SWIFT_VERSION = 5.0;
				TARGETED_DEVICE_FAMILY = "1,2";
			};
			name = Debug;
		};
		9368AA3627FDABF50020927D /* Release */ = {
			isa = XCBuildConfiguration;
			buildSettings = {
				ASSETCATALOG_COMPILER_APPICON_NAME = AppIcon;
				ASSETCATALOG_COMPILER_GLOBAL_ACCENT_COLOR_NAME = AccentColor;
				CODE_SIGN_STYLE = Automatic;
				CURRENT_PROJECT_VERSION = 1;
				DEVELOPMENT_ASSET_PATHS = "\"CycleTracker/Preview Content\"";
				DEVELOPMENT_TEAM = 6ZN72277JD;
				ENABLE_PREVIEWS = YES;
				GENERATE_INFOPLIST_FILE = YES;
				INFOPLIST_KEY_UIApplicationSceneManifest_Generation = YES;
				INFOPLIST_KEY_UIApplicationSupportsIndirectInputEvents = YES;
				INFOPLIST_KEY_UILaunchScreen_Generation = YES;
				INFOPLIST_KEY_UISupportedInterfaceOrientations_iPad = "UIInterfaceOrientationPortrait UIInterfaceOrientationPortraitUpsideDown UIInterfaceOrientationLandscapeLeft UIInterfaceOrientationLandscapeRight";
				INFOPLIST_KEY_UISupportedInterfaceOrientations_iPhone = "UIInterfaceOrientationPortrait UIInterfaceOrientationLandscapeLeft UIInterfaceOrientationLandscapeRight";
				LD_RUNPATH_SEARCH_PATHS = (
					"$(inherited)",
					"@executable_path/Frameworks",
				);
				MARKETING_VERSION = 1.0;
				PRODUCT_BUNDLE_IDENTIFIER = whimLyn.CycleTracker;
				PRODUCT_NAME = "$(TARGET_NAME)";
				SWIFT_EMIT_LOC_STRINGS = YES;
				SWIFT_VERSION = 5.0;
				TARGETED_DEVICE_FAMILY = "1,2";
			};
			name = Release;
		};
		9368AA3827FDABF50020927D /* Debug */ = {
			isa = XCBuildConfiguration;
			buildSettings = {
				ALWAYS_EMBED_SWIFT_STANDARD_LIBRARIES = YES;
				BUNDLE_LOADER = "$(TEST_HOST)";
				CODE_SIGN_STYLE = Automatic;
				CURRENT_PROJECT_VERSION = 1;
				DEVELOPMENT_TEAM = 6ZN72277JD;
				GENERATE_INFOPLIST_FILE = YES;
				IPHONEOS_DEPLOYMENT_TARGET = 15.0;
				LD_RUNPATH_SEARCH_PATHS = (
					"$(inherited)",
					"@executable_path/Frameworks",
					"@loader_path/Frameworks",
				);
				MARKETING_VERSION = 1.0;
				PRODUCT_BUNDLE_IDENTIFIER = whimLyn.CycleTrackerTests;
				PRODUCT_NAME = "$(TARGET_NAME)";
				SWIFT_EMIT_LOC_STRINGS = NO;
				SWIFT_VERSION = 5.0;
				TARGETED_DEVICE_FAMILY = "1,2";
				TEST_HOST = "$(BUILT_PRODUCTS_DIR)/CycleTracker.app/CycleTracker";
			};
			name = Debug;
		};
		9368AA3927FDABF50020927D /* Release */ = {
			isa = XCBuildConfiguration;
			buildSettings = {
				ALWAYS_EMBED_SWIFT_STANDARD_LIBRARIES = YES;
				BUNDLE_LOADER = "$(TEST_HOST)";
				CODE_SIGN_STYLE = Automatic;
				CURRENT_PROJECT_VERSION = 1;
				DEVELOPMENT_TEAM = 6ZN72277JD;
				GENERATE_INFOPLIST_FILE = YES;
				IPHONEOS_DEPLOYMENT_TARGET = 15.0;
				LD_RUNPATH_SEARCH_PATHS = (
					"$(inherited)",
					"@executable_path/Frameworks",
					"@loader_path/Frameworks",
				);
				MARKETING_VERSION = 1.0;
				PRODUCT_BUNDLE_IDENTIFIER = whimLyn.CycleTrackerTests;
				PRODUCT_NAME = "$(TARGET_NAME)";
				SWIFT_EMIT_LOC_STRINGS = NO;
				SWIFT_VERSION = 5.0;
				TARGETED_DEVICE_FAMILY = "1,2";
				TEST_HOST = "$(BUILT_PRODUCTS_DIR)/CycleTracker.app/CycleTracker";
			};
			name = Release;
		};
		9368AA3B27FDABF50020927D /* Debug */ = {
			isa = XCBuildConfiguration;
			buildSettings = {
				ALWAYS_EMBED_SWIFT_STANDARD_LIBRARIES = YES;
				CODE_SIGN_STYLE = Automatic;
				CURRENT_PROJECT_VERSION = 1;
				DEVELOPMENT_TEAM = 6ZN72277JD;
				GENERATE_INFOPLIST_FILE = YES;
				LD_RUNPATH_SEARCH_PATHS = (
					"$(inherited)",
					"@executable_path/Frameworks",
					"@loader_path/Frameworks",
				);
				MARKETING_VERSION = 1.0;
				PRODUCT_BUNDLE_IDENTIFIER = whimLyn.CycleTrackerUITests;
				PRODUCT_NAME = "$(TARGET_NAME)";
				SWIFT_EMIT_LOC_STRINGS = NO;
				SWIFT_VERSION = 5.0;
				TARGETED_DEVICE_FAMILY = "1,2";
				TEST_TARGET_NAME = CycleTracker;
			};
			name = Debug;
		};
		9368AA3C27FDABF50020927D /* Release */ = {
			isa = XCBuildConfiguration;
			buildSettings = {
				ALWAYS_EMBED_SWIFT_STANDARD_LIBRARIES = YES;
				CODE_SIGN_STYLE = Automatic;
				CURRENT_PROJECT_VERSION = 1;
				DEVELOPMENT_TEAM = 6ZN72277JD;
				GENERATE_INFOPLIST_FILE = YES;
				LD_RUNPATH_SEARCH_PATHS = (
					"$(inherited)",
					"@executable_path/Frameworks",
					"@loader_path/Frameworks",
				);
				MARKETING_VERSION = 1.0;
				PRODUCT_BUNDLE_IDENTIFIER = whimLyn.CycleTrackerUITests;
				PRODUCT_NAME = "$(TARGET_NAME)";
				SWIFT_EMIT_LOC_STRINGS = NO;
				SWIFT_VERSION = 5.0;
				TARGETED_DEVICE_FAMILY = "1,2";
				TEST_TARGET_NAME = CycleTracker;
			};
			name = Release;
		};
/* End XCBuildConfiguration section */

/* Begin XCConfigurationList section */
		9368AA0B27FDABF30020927D /* Build configuration list for PBXProject "CycleTracker" */ = {
			isa = XCConfigurationList;
			buildConfigurations = (
				9368AA3227FDABF50020927D /* Debug */,
				9368AA3327FDABF50020927D /* Release */,
			);
			defaultConfigurationIsVisible = 0;
			defaultConfigurationName = Release;
		};
		9368AA3427FDABF50020927D /* Build configuration list for PBXNativeTarget "CycleTracker" */ = {
			isa = XCConfigurationList;
			buildConfigurations = (
				9368AA3527FDABF50020927D /* Debug */,
				9368AA3627FDABF50020927D /* Release */,
			);
			defaultConfigurationIsVisible = 0;
			defaultConfigurationName = Release;
		};
		9368AA3727FDABF50020927D /* Build configuration list for PBXNativeTarget "CycleTrackerTests" */ = {
			isa = XCConfigurationList;
			buildConfigurations = (
				9368AA3827FDABF50020927D /* Debug */,
				9368AA3927FDABF50020927D /* Release */,
			);
			defaultConfigurationIsVisible = 0;
			defaultConfigurationName = Release;
		};
		9368AA3A27FDABF50020927D /* Build configuration list for PBXNativeTarget "CycleTrackerUITests" */ = {
			isa = XCConfigurationList;
			buildConfigurations = (
				9368AA3B27FDABF50020927D /* Debug */,
				9368AA3C27FDABF50020927D /* Release */,
			);
			defaultConfigurationIsVisible = 0;
			defaultConfigurationName = Release;
		};
/* End XCConfigurationList section */
	};
	rootObject = 9368AA0827FDABF30020927D /* Project object */;
}
